packages:
  - name: dbt_utils
    package: dbt-labs/dbt_utils
    version: 1.1.1
  - name: codegen
    package: dbt-labs/codegen
    version: 0.13.1
  - name: dbt_project_evaluator
    package: dbt-labs/dbt_project_evaluator
    version: 1.0.0
  - name: automate_dv
    package: Datavault-UK/automate_dv
    version: 0.11.2
sha1_hash: 2790faa5b1b5e9840365fae9cdedb5d1d048673a
